
Microsoft Visual Studio Solution File, Format Version 12.00
# Visual Studio Version 16
VisualStudioVersion = 16.0.29905.134
MinimumVisualStudioVersion = 10.0.40219.1
Project("{FAE04EC0-301F-11D3-BF4B-00C04F79EFBC}") = "Multiplicacion_Matrices", "Multiplicacion_Matrices\Multiplicacion_Matrices.csproj", "{6FF64643-2496-4240-8816-C3DAE846FDEB}"
EndProject
Global
	GlobalSection(SolutionConfigurationPlatforms) = preSolution
		Debug|Any CPU = Debug|Any CPU
		Release|Any CPU = Release|Any CPU
	EndGlobalSection
	GlobalSection(ProjectConfigurationPlatforms) = postSolution
		{6FF64643-2496-4240-8816-C3DAE846FDEB}.Debug|Any CPU.ActiveCfg = Debug|Any CPU
		{6FF64643-2496-4240-8816-C3DAE846FDEB}.Debug|Any CPU.Build.0 = Debug|Any CPU
		{6FF64643-2496-4240-8816-C3DAE846FDEB}.Release|Any CPU.ActiveCfg = Release|Any CPU
		{6FF64643-2496-4240-8816-C3DAE846FDEB}.Release|Any CPU.Build.0 = Release|Any CPU
	EndGlobalSection
	GlobalSection(SolutionProperties) = preSolution
		HideSolutionNode = FALSE
	EndGlobalSection
	GlobalSection(ExtensibilityGlobals) = postSolution
		SolutionGuid = {F85AD007-C780-4FF8-8643-70F10A0BF338}
	EndGlobalSection
EndGlobal
